
Microsoft Visual Studio Solution File, Format Version 12.00
# Visual Studio Version 16
VisualStudioVersion = 16.0.31005.135
MinimumVisualStudioVersion = 10.0.40219.1
Project("{FAE04EC0-301F-11D3-BF4B-00C04F79EFBC}") = "Arraydeclaration", "Arraydeclaration\Arraydeclaration.csproj", "{8DE9F174-50C6-48FE-B051-10C12C2CB3A7}"
EndProject
Global
	GlobalSection(SolutionConfigurationPlatforms) = preSolution
		Debug|Any CPU = Debug|Any CPU
		Release|Any CPU = Release|Any CPU
	EndGlobalSection
	GlobalSection(ProjectConfigurationPlatforms) = postSolution
		{8DE9F174-50C6-48FE-B051-10C12C2CB3A7}.Debug|Any CPU.ActiveCfg = Debug|Any CPU
		{8DE9F174-50C6-48FE-B051-10C12C2CB3A7}.Debug|Any CPU.Build.0 = Debug|Any CPU
		{8DE9F174-50C6-48FE-B051-10C12C2CB3A7}.Release|Any CPU.ActiveCfg = Release|Any CPU
		{8DE9F174-50C6-48FE-B051-10C12C2CB3A7}.Release|Any CPU.Build.0 = Release|Any CPU
	EndGlobalSection
	GlobalSection(SolutionProperties) = preSolution
		HideSolutionNode = FALSE
	EndGlobalSection
	GlobalSection(ExtensibilityGlobals) = postSolution
		SolutionGuid = {81E65F8E-979C-40B0-AE0C-2BDE2E7F19E8}
	EndGlobalSection
EndGlobal
